
Microsoft Visual Studio Solution File, Format Version 12.00
# Visual Studio Express 15 for Windows Desktop
VisualStudioVersion = 15.0.34031.82
MinimumVisualStudioVersion = 10.0.40219.1
Project("{FAE04EC0-301F-11D3-BF4B-00C04F79EFBC}") = "WinformsDBConnection", "WinformsDBConnection\WinformsDBConnection.csproj", "{2C71A0B9-D8E3-466F-A1BC-19E48C1EC76F}"
EndProject
Global
	GlobalSection(SolutionConfigurationPlatforms) = preSolution
		Debug|Any CPU = Debug|Any CPU
		Release|Any CPU = Release|Any CPU
	EndGlobalSection
	GlobalSection(ProjectConfigurationPlatforms) = postSolution
		{2C71A0B9-D8E3-466F-A1BC-19E48C1EC76F}.Debug|Any CPU.ActiveCfg = Debug|Any CPU
		{2C71A0B9-D8E3-466F-A1BC-19E48C1EC76F}.Debug|Any CPU.Build.0 = Debug|Any CPU
		{2C71A0B9-D8E3-466F-A1BC-19E48C1EC76F}.Release|Any CPU.ActiveCfg = Release|Any CPU
		{2C71A0B9-D8E3-466F-A1BC-19E48C1EC76F}.Release|Any CPU.Build.0 = Release|Any CPU
	EndGlobalSection
	GlobalSection(SolutionProperties) = preSolution
		HideSolutionNode = FALSE
	EndGlobalSection
	GlobalSection(ExtensibilityGlobals) = postSolution
		SolutionGuid = {2DA80ADF-45CC-489F-9870-3066CDBA453D}
	EndGlobalSection
EndGlobal
